
Microsoft Visual Studio Solution File, Format Version 12.00
# Visual Studio Version 17
VisualStudioVersion = 17.0.31919.166
MinimumVisualStudioVersion = 10.0.40219.1
Project("{FAE04EC0-301F-11D3-BF4B-00C04F79EFBC}") = "Weight-Lifting-Tracker", "..\..\Weight-Lifting-Tracker\Weight-Lifting-Tracker\Weight-Lifting-Tracker\Weight-Lifting-Tracker\Weight-Lifting-Tracker.csproj", "{79B4DAB4-B53C-4321-880D-539353CEECE3}"
EndProject
Global
	GlobalSection(SolutionConfigurationPlatforms) = preSolution
		Debug|Any CPU = Debug|Any CPU
		Release|Any CPU = Release|Any CPU
	EndGlobalSection
	GlobalSection(ProjectConfigurationPlatforms) = postSolution
		{79B4DAB4-B53C-4321-880D-539353CEECE3}.Debug|Any CPU.ActiveCfg = Debug|Any CPU
		{79B4DAB4-B53C-4321-880D-539353CEECE3}.Debug|Any CPU.Build.0 = Debug|Any CPU
		{79B4DAB4-B53C-4321-880D-539353CEECE3}.Release|Any CPU.ActiveCfg = Release|Any CPU
		{79B4DAB4-B53C-4321-880D-539353CEECE3}.Release|Any CPU.Build.0 = Release|Any CPU
	EndGlobalSection
	GlobalSection(SolutionProperties) = preSolution
		HideSolutionNode = FALSE
	EndGlobalSection
	GlobalSection(ExtensibilityGlobals) = postSolution
		SolutionGuid = {0F35829A-F64D-45D6-BAC4-F916A88333E7}
	EndGlobalSection
EndGlobal
